
Microsoft Visual Studio Solution File, Format Version 12.00
# Visual Studio Version 17
VisualStudioVersion = 17.12.35707.178
MinimumVisualStudioVersion = 10.0.40219.1
Project("{FAE04EC0-301F-11D3-BF4B-00C04F79EFBC}") = "CloudStore.BE.Api", "src\CloudStore.BE.Api\CloudStore.BE.Api.csproj", "{AECDC3FA-7647-411D-B9A6-0DA573131ED2}"
EndProject
Project("{2150E333-8FDC-42A3-9474-1A3956D46DE8}") = "src", "src", "{E40FFBB4-E1BA-4ABE-ABAA-218E687EC6B2}"
EndProject
Project("{2150E333-8FDC-42A3-9474-1A3956D46DE8}") = "modules", "modules", "{07E9E873-3BA4-4C8B-AC93-0CF3517CFED2}"
EndProject
Project("{2150E333-8FDC-42A3-9474-1A3956D46DE8}") = "UserAdministration", "UserAdministration", "{F7866291-BFF0-4253-AA29-59EDFEBB7D90}"
EndProject
Project("{FAE04EC0-301F-11D3-BF4B-00C04F79EFBC}") = "CloudStore.BE.UserAdministration.Domain", "src\modules\UserAdministration\CloudStore.BE.UserAdministration.Domain\CloudStore.BE.UserAdministration.Domain.csproj", "{388C3196-9CD8-4B3A-A8AB-A5686450371B}"
EndProject
Project("{FAE04EC0-301F-11D3-BF4B-00C04F79EFBC}") = "Common", "src\Common\Common.csproj", "{8744DFB3-3BAB-4453-8E0E-2AA5E6968EEF}"
EndProject
Project("{FAE04EC0-301F-11D3-BF4B-00C04F79EFBC}") = "CloudStore.BE.UserAdministration.Persistence", "src\modules\UserAdministration\CloudStore.BE.UserAdministration.Persistence\CloudStore.BE.UserAdministration.Persistence.csproj", "{0F4735DC-A5C3-41E2-A08E-45332B44DC94}"
EndProject
Project("{FAE04EC0-301F-11D3-BF4B-00C04F79EFBC}") = "CloudStore.BE.UserAdministration.Infrastructure", "src\modules\UserAdministration\CloudStore.BE.UserAdministration.Infrastructure\CloudStore.BE.UserAdministration.Infrastructure.csproj", "{A10E59BE-BD84-4847-9AEE-C36FB4F2C507}"
EndProject
Project("{FAE04EC0-301F-11D3-BF4B-00C04F79EFBC}") = "CloudStore.BE.UserAdministration.Business", "src\modules\UserAdministration\CloudStore.BE.UserAdministration.Business\CloudStore.BE.UserAdministration.Business.csproj", "{685FF071-B33C-4DB8-AE95-1AF80B9A3183}"
EndProject
Global
	GlobalSection(SolutionConfigurationPlatforms) = preSolution
		Debug|Any CPU = Debug|Any CPU
		Release|Any CPU = Release|Any CPU
	EndGlobalSection
	GlobalSection(ProjectConfigurationPlatforms) = postSolution
		{AECDC3FA-7647-411D-B9A6-0DA573131ED2}.Debug|Any CPU.ActiveCfg = Debug|Any CPU
		{AECDC3FA-7647-411D-B9A6-0DA573131ED2}.Debug|Any CPU.Build.0 = Debug|Any CPU
		{AECDC3FA-7647-411D-B9A6-0DA573131ED2}.Release|Any CPU.ActiveCfg = Release|Any CPU
		{AECDC3FA-7647-411D-B9A6-0DA573131ED2}.Release|Any CPU.Build.0 = Release|Any CPU
		{388C3196-9CD8-4B3A-A8AB-A5686450371B}.Debug|Any CPU.ActiveCfg = Debug|Any CPU
		{388C3196-9CD8-4B3A-A8AB-A5686450371B}.Debug|Any CPU.Build.0 = Debug|Any CPU
		{388C3196-9CD8-4B3A-A8AB-A5686450371B}.Release|Any CPU.ActiveCfg = Release|Any CPU
		{388C3196-9CD8-4B3A-A8AB-A5686450371B}.Release|Any CPU.Build.0 = Release|Any CPU
		{8744DFB3-3BAB-4453-8E0E-2AA5E6968EEF}.Debug|Any CPU.ActiveCfg = Debug|Any CPU
		{8744DFB3-3BAB-4453-8E0E-2AA5E6968EEF}.Debug|Any CPU.Build.0 = Debug|Any CPU
		{8744DFB3-3BAB-4453-8E0E-2AA5E6968EEF}.Release|Any CPU.ActiveCfg = Release|Any CPU
		{8744DFB3-3BAB-4453-8E0E-2AA5E6968EEF}.Release|Any CPU.Build.0 = Release|Any CPU
		{0F4735DC-A5C3-41E2-A08E-45332B44DC94}.Debug|Any CPU.ActiveCfg = Debug|Any CPU
		{0F4735DC-A5C3-41E2-A08E-45332B44DC94}.Debug|Any CPU.Build.0 = Debug|Any CPU
		{0F4735DC-A5C3-41E2-A08E-45332B44DC94}.Release|Any CPU.ActiveCfg = Release|Any CPU
		{0F4735DC-A5C3-41E2-A08E-45332B44DC94}.Release|Any CPU.Build.0 = Release|Any CPU
		{A10E59BE-BD84-4847-9AEE-C36FB4F2C507}.Debug|Any CPU.ActiveCfg = Debug|Any CPU
		{A10E59BE-BD84-4847-9AEE-C36FB4F2C507}.Debug|Any CPU.Build.0 = Debug|Any CPU
		{A10E59BE-BD84-4847-9AEE-C36FB4F2C507}.Release|Any CPU.ActiveCfg = Release|Any CPU
		{A10E59BE-BD84-4847-9AEE-C36FB4F2C507}.Release|Any CPU.Build.0 = Release|Any CPU
		{685FF071-B33C-4DB8-AE95-1AF80B9A3183}.Debug|Any CPU.ActiveCfg = Debug|Any CPU
		{685FF071-B33C-4DB8-AE95-1AF80B9A3183}.Debug|Any CPU.Build.0 = Debug|Any CPU
		{685FF071-B33C-4DB8-AE95-1AF80B9A3183}.Release|Any CPU.ActiveCfg = Release|Any CPU
		{685FF071-B33C-4DB8-AE95-1AF80B9A3183}.Release|Any CPU.Build.0 = Release|Any CPU
	EndGlobalSection
	GlobalSection(SolutionProperties) = preSolution
		HideSolutionNode = FALSE
	EndGlobalSection
	GlobalSection(NestedProjects) = preSolution
		{AECDC3FA-7647-411D-B9A6-0DA573131ED2} = {E40FFBB4-E1BA-4ABE-ABAA-218E687EC6B2}
		{07E9E873-3BA4-4C8B-AC93-0CF3517CFED2} = {E40FFBB4-E1BA-4ABE-ABAA-218E687EC6B2}
		{F7866291-BFF0-4253-AA29-59EDFEBB7D90} = {07E9E873-3BA4-4C8B-AC93-0CF3517CFED2}
		{388C3196-9CD8-4B3A-A8AB-A5686450371B} = {F7866291-BFF0-4253-AA29-59EDFEBB7D90}
		{8744DFB3-3BAB-4453-8E0E-2AA5E6968EEF} = {E40FFBB4-E1BA-4ABE-ABAA-218E687EC6B2}
		{0F4735DC-A5C3-41E2-A08E-45332B44DC94} = {F7866291-BFF0-4253-AA29-59EDFEBB7D90}
		{A10E59BE-BD84-4847-9AEE-C36FB4F2C507} = {F7866291-BFF0-4253-AA29-59EDFEBB7D90}
		{685FF071-B33C-4DB8-AE95-1AF80B9A3183} = {F7866291-BFF0-4253-AA29-59EDFEBB7D90}
	EndGlobalSection
EndGlobal
